{
  "lockfileVersion": 1,
  "workspaces": {
    "": {
      "name": "jellyfin-api",
      "devDependencies": {
        "@rollup/plugin-typescript": "^12.1.2",
        "axios": "1.8.1",
        "rolldown": "^1.0.0-beta.3",
        "typescript": "5.6.3",
      },
      "peerDependencies": {
        "axios": "1.x",
      },
    },
  },
  "packages": {
    "@emnapi/core": ["@emnapi/core@1.3.1", "", { "dependencies": { "@emnapi/wasi-threads": "1.0.1", "tslib": "^2.4.0" } }, "sha512-pVGjBIt1Y6gg3EJN8jTcfpP/+uuRksIo055oE/OBkDNcjZqVbfkWCksG1Jp4yZnj3iKWyWX8fdG/j6UDYPbFog=="],

    "@emnapi/runtime": ["@emnapi/runtime@1.3.1", "", { "dependencies": { "tslib": "^2.4.0" } }, "sha512-kEBmG8KyqtxJZv+ygbEim+KCGtIq1fC22Ms3S4ziXmYKm8uyoLX0MHONVKwp+9opg390VaKRNt4a7A9NwmpNhw=="],

    "@emnapi/wasi-threads": ["@emnapi/wasi-threads@1.0.1", "", { "dependencies": { "tslib": "^2.4.0" } }, "sha512-iIBu7mwkq4UQGeMEM8bLwNK962nXdhodeScX4slfQnRhEMMzvYivHhutCIk8uojvmASXXPC2WNEjwxFWk72Oqw=="],

    "@napi-rs/wasm-runtime": ["@napi-rs/wasm-runtime@0.2.6", "", { "dependencies": { "@emnapi/core": "^1.3.1", "@emnapi/runtime": "^1.3.1", "@tybys/wasm-util": "^0.9.0" } }, "sha512-z8YVS3XszxFTO73iwvFDNpQIzdMmSDTP/mB3E/ucR37V3Sx57hSExcXyMoNwaucWxnsWf4xfbZv0iZ30jr0M4Q=="],

    "@oxc-project/types": ["@oxc-project/types@0.46.0", "", {}, "sha512-BHU261xrLasw04d2cToR36F6VV0T7t62rtQUprvBRL4Uru9P23moMkDmZUMSZSQj0fIUTA3oTOTwQ7cc4Av/iw=="],

    "@rolldown/binding-darwin-arm64": ["@rolldown/binding-darwin-arm64@1.0.0-beta.3", "", { "os": "darwin", "cpu": "arm64" }, "sha512-qB1ofY+09nDYYaEi5kVsjqy4cKsVPI9E5bkV46CRrQsTF/BBM29wpvaj8qTRQ41qwInFA5kmqnVVr35yfH7ddw=="],

    "@rolldown/binding-darwin-x64": ["@rolldown/binding-darwin-x64@1.0.0-beta.3", "", { "os": "darwin", "cpu": "x64" }, "sha512-Fk+rqyeszMaZK12wItqFDXdUadg+TVQqOPh0fdaCefVebd29N+9fpFrARyo8gReyt/lcnEN4nWgdn7l99R70QA=="],

    "@rolldown/binding-freebsd-x64": ["@rolldown/binding-freebsd-x64@1.0.0-beta.3", "", { "os": "freebsd", "cpu": "x64" }, "sha512-B7QzJKu53MB/hvwO276AsyxN+p9lfgCkIO94TQB6t3auq3pDCC6u6gdRI1Ydwn6/gpMLiUNCW4mnpxCE5fE5tg=="],

    "@rolldown/binding-linux-arm-gnueabihf": ["@rolldown/binding-linux-arm-gnueabihf@1.0.0-beta.3", "", { "os": "linux", "cpu": "arm" }, "sha512-NB5JrXP5dAigDTbvVc6VWiOY3Rr/0u1pi/9LYoBtMYiST7hYOrBPO9lvDF9w/23yKCr1+8PF4wFGR/YxKTNN5Q=="],

    "@rolldown/binding-linux-arm64-gnu": ["@rolldown/binding-linux-arm64-gnu@1.0.0-beta.3", "", { "os": "linux", "cpu": "arm64" }, "sha512-bYyZLXzJ2boZ7CdUuCSAaTcWkVKcBUOL+B86zv+tRyrtk4BIpHF+L+vOg5uPD/PHwrIglxAno5MN4NnpkUj5fQ=="],

    "@rolldown/binding-linux-arm64-musl": ["@rolldown/binding-linux-arm64-musl@1.0.0-beta.3", "", { "os": "linux", "cpu": "arm64" }, "sha512-t/jaaFrCSvwX2075jRfa2bwAcsuTtY1/sIT4XqsDg2MVxWQtaUyBx5Mi0pqZKTjdOPnL+f/zoUC9dxT2lUpNmw=="],

    "@rolldown/binding-linux-x64-gnu": ["@rolldown/binding-linux-x64-gnu@1.0.0-beta.3", "", { "os": "linux", "cpu": "x64" }, "sha512-EeDNLPU0Xw8ByRWxNLO30AF0fKYkdb/6rH5G073NFBDkj7ggYR/CvsNBjtDeCJ7+I6JG4xUjete2+VeV+GQjiA=="],

    "@rolldown/binding-linux-x64-musl": ["@rolldown/binding-linux-x64-musl@1.0.0-beta.3", "", { "os": "linux", "cpu": "x64" }, "sha512-iTcAj8FKac3nyQhvFuqKt6Xqu9YNDbe1ew6US2OSN4g3zwfujgylaRCitEG+Uzd7AZfSVVLAfqrxKMa36Sj9Mg=="],

    "@rolldown/binding-wasm32-wasi": ["@rolldown/binding-wasm32-wasi@1.0.0-beta.3", "", { "dependencies": { "@napi-rs/wasm-runtime": "^0.2.4" }, "cpu": "none" }, "sha512-sYgbsbyspvVZ2zplqsTxjf2N3e8UQGQnSsN5u4bMX461gY5vAsjUiA4nf1/ztDBMHWT79lF2QNx4csjnjSxMlA=="],

    "@rolldown/binding-win32-arm64-msvc": ["@rolldown/binding-win32-arm64-msvc@1.0.0-beta.3", "", { "os": "win32", "cpu": "arm64" }, "sha512-qszMtrWybBLTFaew2WgEBRMlz1B/V8XxU87uezXlKcLW36aoRWR8LspZvqqoBkvJzbQtfOgm1HdTIk/v3Rn7QQ=="],

    "@rolldown/binding-win32-ia32-msvc": ["@rolldown/binding-win32-ia32-msvc@1.0.0-beta.3", "", { "os": "win32", "cpu": "ia32" }, "sha512-J+mzAO68VK91coLVuUln/XN0ummIEOODyupZ2BmXY8suBHPVAyLLAP54rlucBPQmzU8fI6DXM2bl2whZ+KEXpQ=="],

    "@rolldown/binding-win32-x64-msvc": ["@rolldown/binding-win32-x64-msvc@1.0.0-beta.3", "", { "os": "win32", "cpu": "x64" }, "sha512-r06rAi+1eStgavGnw+2y4F7gpb0w9ocnKk0Ir7LmegLAkMZ/v4Fjo9jZUrLTLtmI36108v1uvUPrIAFzFOWE7g=="],

    "@rollup/plugin-typescript": ["@rollup/plugin-typescript@12.1.2", "", { "dependencies": { "@rollup/pluginutils": "^5.1.0", "resolve": "^1.22.1" }, "peerDependencies": { "rollup": "^2.14.0||^3.0.0||^4.0.0", "tslib": "*", "typescript": ">=3.7.0" }, "optionalPeers": ["rollup", "tslib"] }, "sha512-cdtSp154H5sv637uMr1a8OTWB0L1SWDSm1rDGiyfcGcvQ6cuTs4MDk2BVEBGysUWago4OJN4EQZqOTl/QY3Jgg=="],

    "@rollup/pluginutils": ["@rollup/pluginutils@5.1.4", "", { "dependencies": { "@types/estree": "^1.0.0", "estree-walker": "^2.0.2", "picomatch": "^4.0.2" }, "peerDependencies": { "rollup": "^1.20.0||^2.0.0||^3.0.0||^4.0.0" }, "optionalPeers": ["rollup"] }, "sha512-USm05zrsFxYLPdWWq+K3STlWiT/3ELn3RcV5hJMghpeAIhxfsUIg6mt12CBJBInWMV4VneoV7SfGv8xIwo2qNQ=="],

    "@tybys/wasm-util": ["@tybys/wasm-util@0.9.0", "", { "dependencies": { "tslib": "^2.4.0" } }, "sha512-6+7nlbMVX/PVDCwaIQ8nTOPveOcFLSt8GcXdx8hD0bt39uWxYT88uXzqTd4fTvqta7oeUJqudepapKNt2DYJFw=="],

    "@types/estree": ["@types/estree@1.0.6", "", {}, "sha512-AYnb1nQyY49te+VRAVgmzfcgjYS91mY5P0TKUDCLEM+gNnA+3T6rWITXRLYCpahpqSQbN5cE+gHpnPyXjHWxcw=="],

    "@valibot/to-json-schema": ["@valibot/to-json-schema@1.0.0-beta.4", "", { "peerDependencies": { "valibot": "^1.0.0 || ^1.0.0-beta.5 || ^1.0.0-rc" } }, "sha512-wXBdCyoqec+NLCl5ihitXzZXD4JAjPK3+HfskSXzfhiNFvKje0A/v1LygqKidUgIbaJtREmq/poJGbaS/0MKuQ=="],

    "asynckit": ["asynckit@0.4.0", "", {}, "sha512-Oei9OH4tRh0YqU3GxhX79dM/mwVgvbZJaSNaRk+bshkj0S5cfHcgYakreBjrHwatXKbz+IoIdYLxrKim2MjW0Q=="],

    "axios": ["axios@1.8.1", "", { "dependencies": { "follow-redirects": "^1.15.6", "form-data": "^4.0.0", "proxy-from-env": "^1.1.0" } }, "sha512-NN+fvwH/kV01dYUQ3PTOZns4LWtWhOFCAhQ/pHb88WQ1hNe5V/dvFwc4VJcDL11LT9xSX0QtsR8sWUuyOuOq7g=="],

    "combined-stream": ["combined-stream@1.0.8", "", { "dependencies": { "delayed-stream": "~1.0.0" } }, "sha512-FQN4MRfuJeHf7cBbBMJFXhKSDq+2kAArBlmRBvcvFE5BB1HZKXtSFASDhdlz9zOYwxh8lDdnvmMOe/+5cdoEdg=="],

    "delayed-stream": ["delayed-stream@1.0.0", "", {}, "sha512-ZySD7Nf91aLB0RxL4KGrKHBXl7Eds1DAmEdcoVawXnLD7SDhpNgtuII2aAkg7a7QS41jxPSZ17p4VdGnMHk3MQ=="],

    "estree-walker": ["estree-walker@2.0.2", "", {}, "sha512-Rfkk/Mp/DL7JVje3u18FxFujQlTNR2q6QfMSMB7AvCBx91NGj/ba3kCfza0f6dVDbw7YlRf/nDrn7pQrCCyQ/w=="],

    "follow-redirects": ["follow-redirects@1.15.6", "", {}, "sha512-wWN62YITEaOpSK584EZXJafH1AGpO8RVgElfkuXbTOrPX4fIfOyEpW/CsiNd8JdYrAoOvafRTOEnvsO++qCqFA=="],

    "form-data": ["form-data@4.0.0", "", { "dependencies": { "asynckit": "^0.4.0", "combined-stream": "^1.0.8", "mime-types": "^2.1.12" } }, "sha512-ETEklSGi5t0QMZuiXoA/Q6vcnxcLQP5vdugSpuAyi6SVGi2clPPp+xgEhuMaHC+zGgn31Kd235W35f7Hykkaww=="],

    "function-bind": ["function-bind@1.1.2", "", {}, "sha512-7XHNxH7qX9xG5mIwxkhumTox/MIRNcOgDrxWsMt2pAr23WHp6MrRlN7FBSFpCpr+oVO0F744iUgR82nJMfG2SA=="],

    "hasown": ["hasown@2.0.2", "", { "dependencies": { "function-bind": "^1.1.2" } }, "sha512-0hJU9SCPvmMzIBdZFqNPXWa6dqh7WdH0cII9y+CyS8rG3nL48Bclra9HmKhVVUHyPWNH5Y7xDwAB7bfgSjkUMQ=="],

    "is-core-module": ["is-core-module@2.16.1", "", { "dependencies": { "hasown": "^2.0.2" } }, "sha512-UfoeMA6fIJ8wTYFEUjelnaGI67v6+N7qXJEvQuIGa99l4xsCruSYOVSQ0uPANn4dAzm8lkYPaKLrrijLq7x23w=="],

    "mime-db": ["mime-db@1.52.0", "", {}, "sha512-sPU4uV7dYlvtWJxwwxHD0PuihVNiE7TyAbQ5SWxDCB9mUYvOgroQOwYQQOKPJ8CIbE+1ETVlOoK1UC2nU3gYvg=="],

    "mime-types": ["mime-types@2.1.35", "", { "dependencies": { "mime-db": "1.52.0" } }, "sha512-ZDY+bPm5zTTF+YpCrAU9nK0UgICYPT0QtT1NZWFv4s++TNkcgVaT0g6+4R2uI4MjQjzysHB1zxuWL50hzaeXiw=="],

    "path-parse": ["path-parse@1.0.7", "", {}, "sha512-LDJzPVEEEPR+y48z93A0Ed0yXb8pAByGWo/k5YYdYgpY2/2EsOsksJrq7lOHxryrVOn1ejG6oAp8ahvOIQD8sw=="],

    "picomatch": ["picomatch@4.0.2", "", {}, "sha512-M7BAV6Rlcy5u+m6oPhAPFgJTzAioX/6B0DxyvDlo9l8+T3nLKbrczg2WLUyzd45L8RqfUMyGPzekbMvX2Ldkwg=="],

    "proxy-from-env": ["proxy-from-env@1.1.0", "", {}, "sha512-D+zkORCbA9f1tdWRK0RaCR3GPv50cMxcrz4X8k5LTSUD1Dkw47mKJEZQNunItRTkWwgtaUSo1RVFRIG9ZXiFYg=="],

    "resolve": ["resolve@1.22.10", "", { "dependencies": { "is-core-module": "^2.16.0", "path-parse": "^1.0.7", "supports-preserve-symlinks-flag": "^1.0.0" }, "bin": { "resolve": "bin/resolve" } }, "sha512-NPRy+/ncIMeDlTAsuqwKIiferiawhefFJtkNSW0qZJEqMEb+qBt/77B/jGeeek+F0uOeN05CDa6HXbbIgtVX4w=="],

    "rolldown": ["rolldown@1.0.0-beta.3", "", { "dependencies": { "@oxc-project/types": "0.46.0", "@valibot/to-json-schema": "1.0.0-beta.4", "valibot": "1.0.0-beta.12" }, "optionalDependencies": { "@rolldown/binding-darwin-arm64": "1.0.0-beta.3", "@rolldown/binding-darwin-x64": "1.0.0-beta.3", "@rolldown/binding-freebsd-x64": "1.0.0-beta.3", "@rolldown/binding-linux-arm-gnueabihf": "1.0.0-beta.3", "@rolldown/binding-linux-arm64-gnu": "1.0.0-beta.3", "@rolldown/binding-linux-arm64-musl": "1.0.0-beta.3", "@rolldown/binding-linux-x64-gnu": "1.0.0-beta.3", "@rolldown/binding-linux-x64-musl": "1.0.0-beta.3", "@rolldown/binding-wasm32-wasi": "1.0.0-beta.3", "@rolldown/binding-win32-arm64-msvc": "1.0.0-beta.3", "@rolldown/binding-win32-ia32-msvc": "1.0.0-beta.3", "@rolldown/binding-win32-x64-msvc": "1.0.0-beta.3" }, "peerDependencies": { "@babel/runtime": ">=7" }, "optionalPeers": ["@babel/runtime"], "bin": { "rolldown": "bin/cli.js" } }, "sha512-DBpF1K8tSwU/0dQ7zL9BYcje0/GjO5lgfdEW0rHHFfGjGDh8TBVNlokfEXtdt/IoJOiTdtySfsrgarLJkZmZTQ=="],

    "supports-preserve-symlinks-flag": ["supports-preserve-symlinks-flag@1.0.0", "", {}, "sha512-ot0WnXS9fgdkgIcePe6RHNk1WA8+muPa6cSjeR3V8K27q9BB1rTE3R1p7Hv0z1ZyAc8s6Vvv8DIyWf681MAt0w=="],

    "tslib": ["tslib@2.8.1", "", {}, "sha512-oJFu94HQb+KVduSUQL7wnpmqnfmLsOA/nAh6b6EH0wCEoK0/mPeXU6c3wKDV83MkOuHPRHtSXKKU99IBazS/2w=="],

    "typescript": ["typescript@5.6.3", "", { "bin": { "tsc": "bin/tsc", "tsserver": "bin/tsserver" } }, "sha512-hjcS1mhfuyi4WW8IWtjP7brDrG2cuDZukyrYrSauoXGNgx0S7zceP07adYkJycEr56BOUTNPzbInooiN3fn1qw=="],

    "valibot": ["valibot@1.0.0-beta.12", "", { "peerDependencies": { "typescript": ">=5" }, "optionalPeers": ["typescript"] }, "sha512-j3WIxJ0pmUFMfdfUECn3YnZPYOiG0yHYcFEa/+RVgo0I+MXE3ToLt7gNRLtY5pwGfgNmsmhenGZfU5suu9ijUA=="],
  }
}
